
Microsoft Visual Studio Solution File, Format Version 12.00
# Visual Studio Version 16
VisualStudioVersion = 16.0.31729.503
MinimumVisualStudioVersion = 10.0.40219.1
Project("{FAE04EC0-301F-11D3-BF4B-00C04F79EFBC}") = "Culinary Book", "Culinary Book\Culinary Book.csproj", "{0E2C2349-4EB0-4CE1-80F0-A1B1333EFE6E}"
EndProject
Global
	GlobalSection(SolutionConfigurationPlatforms) = preSolution
		Debug|Any CPU = Debug|Any CPU
		Release|Any CPU = Release|Any CPU
	EndGlobalSection
	GlobalSection(ProjectConfigurationPlatforms) = postSolution
		{0E2C2349-4EB0-4CE1-80F0-A1B1333EFE6E}.Debug|Any CPU.ActiveCfg = Debug|Any CPU
		{0E2C2349-4EB0-4CE1-80F0-A1B1333EFE6E}.Debug|Any CPU.Build.0 = Debug|Any CPU
		{0E2C2349-4EB0-4CE1-80F0-A1B1333EFE6E}.Release|Any CPU.ActiveCfg = Release|Any CPU
		{0E2C2349-4EB0-4CE1-80F0-A1B1333EFE6E}.Release|Any CPU.Build.0 = Release|Any CPU
	EndGlobalSection
	GlobalSection(SolutionProperties) = preSolution
		HideSolutionNode = FALSE
	EndGlobalSection
	GlobalSection(ExtensibilityGlobals) = postSolution
		SolutionGuid = {3B6CE6AA-0B21-4D4D-8633-2ECEF20B97AB}
	EndGlobalSection
EndGlobal
